
Microsoft Visual Studio Solution File, Format Version 12.00
# Visual Studio Version 17
VisualStudioVersion = 17.9.34714.143
MinimumVisualStudioVersion = 10.0.40219.1
Project("{FAE04EC0-301F-11D3-BF4B-00C04F79EFBC}") = "CapaConexion", "CapaConexion\CapaConexion.csproj", "{F784BAD0-1A9C-403D-989A-52ADB311BAA3}"
EndProject
Project("{FAE04EC0-301F-11D3-BF4B-00C04F79EFBC}") = "CapaModelos", "CapaModelos\CapaModelos.csproj", "{3B750E57-D1CC-4954-9B80-49B02A45BBCC}"
EndProject
Project("{FAE04EC0-301F-11D3-BF4B-00C04F79EFBC}") = "CapaDatos", "CapaDatos\CapaDatos.csproj", "{793309A7-8CD1-4B17-8C5A-70904D097C4F}"
EndProject
Global
	GlobalSection(SolutionConfigurationPlatforms) = preSolution
		Debug|Any CPU = Debug|Any CPU
		Release|Any CPU = Release|Any CPU
	EndGlobalSection
	GlobalSection(ProjectConfigurationPlatforms) = postSolution
		{F784BAD0-1A9C-403D-989A-52ADB311BAA3}.Debug|Any CPU.ActiveCfg = Debug|Any CPU
		{F784BAD0-1A9C-403D-989A-52ADB311BAA3}.Debug|Any CPU.Build.0 = Debug|Any CPU
		{F784BAD0-1A9C-403D-989A-52ADB311BAA3}.Release|Any CPU.ActiveCfg = Release|Any CPU
		{F784BAD0-1A9C-403D-989A-52ADB311BAA3}.Release|Any CPU.Build.0 = Release|Any CPU
		{3B750E57-D1CC-4954-9B80-49B02A45BBCC}.Debug|Any CPU.ActiveCfg = Debug|Any CPU
		{3B750E57-D1CC-4954-9B80-49B02A45BBCC}.Debug|Any CPU.Build.0 = Debug|Any CPU
		{3B750E57-D1CC-4954-9B80-49B02A45BBCC}.Release|Any CPU.ActiveCfg = Release|Any CPU
		{3B750E57-D1CC-4954-9B80-49B02A45BBCC}.Release|Any CPU.Build.0 = Release|Any CPU
		{793309A7-8CD1-4B17-8C5A-70904D097C4F}.Debug|Any CPU.ActiveCfg = Debug|Any CPU
		{793309A7-8CD1-4B17-8C5A-70904D097C4F}.Debug|Any CPU.Build.0 = Debug|Any CPU
		{793309A7-8CD1-4B17-8C5A-70904D097C4F}.Release|Any CPU.ActiveCfg = Release|Any CPU
		{793309A7-8CD1-4B17-8C5A-70904D097C4F}.Release|Any CPU.Build.0 = Release|Any CPU
	EndGlobalSection
	GlobalSection(SolutionProperties) = preSolution
		HideSolutionNode = FALSE
	EndGlobalSection
	GlobalSection(ExtensibilityGlobals) = postSolution
		SolutionGuid = {21846E57-1004-4C47-8EA0-5B53DDA88B54}
	EndGlobalSection
EndGlobal
